
Microsoft Visual Studio Solution File, Format Version 12.00
# Visual Studio Version 17
VisualStudioVersion = 17.9.34728.123
MinimumVisualStudioVersion = 10.0.40219.1
Project("{2150E333-8FDC-42A3-9474-1A3956D46DE8}") = "building-blocks", "building-blocks", "{59F30B51-F5BE-4FC2-B1EC-8F038184E121}"
EndProject
Project("{2150E333-8FDC-42A3-9474-1A3956D46DE8}") = "src", "src", "{4071566C-BC9F-4CD8-A720-84E46945B590}"
EndProject
Project("{2150E333-8FDC-42A3-9474-1A3956D46DE8}") = "01.API", "01.API", "{2205E4F4-A75A-4E1C-96ED-A680D77898EB}"
EndProject
Project("{2150E333-8FDC-42A3-9474-1A3956D46DE8}") = "02.Core", "02.Core", "{A1FF4D5D-344E-4B25-B64A-347B07BDFAAC}"
EndProject
Project("{2150E333-8FDC-42A3-9474-1A3956D46DE8}") = "03.Data", "03.Data", "{FB2D2BF3-DAFC-4CCE-88AB-2D65447E81EE}"
EndProject
Project("{2150E333-8FDC-42A3-9474-1A3956D46DE8}") = "tests", "tests", "{36328E5B-7BB9-4E9B-A516-CEBF6C9D68B0}"
EndProject
Project("{9A19103F-16F7-4668-BE54-9A1E7A4F7556}") = "FIAP.Cloud.Games.API", "src\fiap-cloud-core\FIAP.Cloud.Games.API\FIAP.Cloud.Games.API.csproj", "{F54704F3-78C9-4DC3-B40C-D8C7F289D5EE}"
EndProject
Project("{2150E333-8FDC-42A3-9474-1A3956D46DE8}") = "FIAP.Cloud.Games.Identiy", "FIAP.Cloud.Games.Identiy", "{02743196-D017-434C-8476-85B7B47C5CD8}"
EndProject
Project("{2150E333-8FDC-42A3-9474-1A3956D46DE8}") = "FIAP.Cloud.Games", "FIAP.Cloud.Games", "{E0AF3E73-7C60-477D-984F-917E78CC7460}"
EndProject
Project("{9A19103F-16F7-4668-BE54-9A1E7A4F7556}") = "FIAP.Cloud.Games.CrossCutting", "src\fiap-cloud-core\FIAP.Cloud.Games.CrossCutting\FIAP.Cloud.Games.CrossCutting.csproj", "{747FA267-6052-473D-B174-CA1454BB2CAE}"
EndProject
Project("{2150E333-8FDC-42A3-9474-1A3956D46DE8}") = "src", "src", "{25BC6C03-B132-420E-B339-4FCA39C43ADD}"
EndProject
Project("{2150E333-8FDC-42A3-9474-1A3956D46DE8}") = "building-blocks", "building-blocks", "{CF24CDDE-4D0B-435F-B92F-774B09B00944}"
EndProject
Project("{2150E333-8FDC-42A3-9474-1A3956D46DE8}") = "tests", "tests", "{5588FCD7-E5D5-4FD5-957F-07CB09C9FA48}"
EndProject
Project("{9A19103F-16F7-4668-BE54-9A1E7A4F7556}") = "FIAP.Cloud.Games.Domain", "src\fiap-cloud-core\FIAP.Cloud.Games.Domain\FIAP.Cloud.Games.Domain.csproj", "{53785309-3314-49B6-9243-D47997643C00}"
EndProject
Project("{9A19103F-16F7-4668-BE54-9A1E7A4F7556}") = "FIAP.Cloud.Games.Application", "src\fiap-cloud-core\FIAP.Cloud.Games.Application\FIAP.Cloud.Games.Application.csproj", "{57707CDC-52F4-4E8A-856A-E585038F872E}"
EndProject
Project("{9A19103F-16F7-4668-BE54-9A1E7A4F7556}") = "FIAP.Cloud.Games.Data", "src\fiap-cloud-core\FIAP.Cloud.Games.Data\FIAP.Cloud.Games.Data.csproj", "{3263890F-EE2A-4C8D-8F9D-ACE3B3CBF7CF}"
EndProject
Project("{2150E333-8FDC-42A3-9474-1A3956D46DE8}") = "01.API", "01.API", "{BF8E60DD-F817-492E-BC1F-6EA4396DED7D}"
EndProject
Project("{9A19103F-16F7-4668-BE54-9A1E7A4F7556}") = "FIAP.Cloud.Games.Identity.API", "src\fiap-cloud-identity\FIAP.Cloud.Games.Identity.API\FIAP.Cloud.Games.Identity.API.csproj", "{0ED76823-7C10-46DF-9C91-396D9FAF5018}"
EndProject
Project("{2150E333-8FDC-42A3-9474-1A3956D46DE8}") = "02.Core", "02.Core", "{3C64938F-49D5-4A16-A18E-C98C7B5FA803}"
EndProject
Project("{2150E333-8FDC-42A3-9474-1A3956D46DE8}") = "03.Data", "03.Data", "{97AD42CB-62F5-4101-BC33-B3D31783BD42}"
EndProject
Project("{9A19103F-16F7-4668-BE54-9A1E7A4F7556}") = "FIAP.Cloud.Games.Identity.Application", "src\fiap-cloud-identity\FIAP.Cloud.Games.Identity.Application\FIAP.Cloud.Games.Identity.Application.csproj", "{A43852D7-A23F-4212-864F-9C54ABC9B490}"
EndProject
Project("{9A19103F-16F7-4668-BE54-9A1E7A4F7556}") = "FIAP.Cloud.Games.Identity.Data", "src\fiap-cloud-identity\FIAP.Cloud.Games.Identity.Data\FIAP.Cloud.Games.Identity.Data.csproj", "{0DCA2818-AE24-429F-AAD2-6351237C699B}"
EndProject
Project("{9A19103F-16F7-4668-BE54-9A1E7A4F7556}") = "FIAP.Cloud.Games.Identity.CrossCutting", "src\fiap-cloud-identity\FIAP.Cloud.Games.Identity.CrossCutting\FIAP.Cloud.Games.Identity.CrossCutting.csproj", "{A07E6436-7105-42E0-93E0-60A740BDABAB}"
EndProject
Project("{2150E333-8FDC-42A3-9474-1A3956D46DE8}") = "FIAP.Cloud.Games.Core", "FIAP.Cloud.Games.Core", "{3B0FB682-C591-422C-89C4-4A14084B4D84}"
EndProject
Project("{9A19103F-16F7-4668-BE54-9A1E7A4F7556}") = "FIAP.Cloud.Games.Core", "src\fiap-cloud-shared\FIAP.Cloud.Games.Core\FIAP.Cloud.Games.Core.csproj", "{B1303C40-7B29-4CEB-B756-ACD993A7E796}"
EndProject
Project("{2150E333-8FDC-42A3-9474-1A3956D46DE8}") = "Identity", "Identity", "{0834E252-BEBD-4A99-8480-48614C356BD2}"
EndProject
Project("{2150E333-8FDC-42A3-9474-1A3956D46DE8}") = "Core", "Core", "{B1F8EE48-CEAF-4BC5-AF16-F99291E9C066}"
EndProject
Project("{2150E333-8FDC-42A3-9474-1A3956D46DE8}") = "Shared", "Shared", "{2C0F97FA-51AA-41DD-8967-9594BADDD822}"
EndProject
Project("{2150E333-8FDC-42A3-9474-1A3956D46DE8}") = "04.Consumers", "04.Consumers", "{644D710E-9D3B-42CC-A7B1-193216602CF6}"
EndProject
Project("{9A19103F-16F7-4668-BE54-9A1E7A4F7556}") = "FIAP.Cloud.Games.Consumers", "src\fiap-cloud-core\FIAP.Cloud.Games.Consumers\FIAP.Cloud.Games.Consumers.csproj", "{583CB39F-A8AE-40C1-B30D-9F50956904C6}"
EndProject
Project("{9A19103F-16F7-4668-BE54-9A1E7A4F7556}") = "FIAP.Cloud.Games.SDK", "src\fiap-cloud-core\FIAP.Cloud.Games.SDK\FIAP.Cloud.Games.SDK.csproj", "{CB77BE80-BCC5-448C-AC17-8E0DC25F84D0}"
EndProject
Project("{2150E333-8FDC-42A3-9474-1A3956D46DE8}") = "Solution Items", "Solution Items", "{8EC462FD-D22E-90A8-E5CE-7E832BA40C5D}"
	ProjectSection(SolutionItems) = preProject
		docker\docker-compose.yml = docker\docker-compose.yml
	EndProjectSection
EndProject
Project("{9A19103F-16F7-4668-BE54-9A1E7A4F7556}") = "FIAP.Cloud.Games.Identity.SDK", "src\fiap-cloud-identity\FIAP.Cloud.Games.Identity.SDK\FIAP.Cloud.Games.Identity.SDK.csproj", "{F7BDB625-6186-4CA4-94B7-666ECA5B8428}"
EndProject
Project("{FAE04EC0-301F-11D3-BF4B-00C04F79EFBC}") = "FIAP.Cloud.Games.Tests", "src\fiap-cloud-core\FIAP.Cloud.Games.Tests\FIAP.Cloud.Games.Tests.csproj", "{630D1E22-8E92-4A9F-B9D8-AFA4CE40BCE2}"
EndProject
Global
	GlobalSection(SolutionConfigurationPlatforms) = preSolution
		Debug|Any CPU = Debug|Any CPU
		Release|Any CPU = Release|Any CPU
	EndGlobalSection
	GlobalSection(ProjectConfigurationPlatforms) = postSolution
		{F54704F3-78C9-4DC3-B40C-D8C7F289D5EE}.Debug|Any CPU.ActiveCfg = Debug|Any CPU
		{F54704F3-78C9-4DC3-B40C-D8C7F289D5EE}.Debug|Any CPU.Build.0 = Debug|Any CPU
		{F54704F3-78C9-4DC3-B40C-D8C7F289D5EE}.Release|Any CPU.ActiveCfg = Release|Any CPU
		{F54704F3-78C9-4DC3-B40C-D8C7F289D5EE}.Release|Any CPU.Build.0 = Release|Any CPU
		{747FA267-6052-473D-B174-CA1454BB2CAE}.Debug|Any CPU.ActiveCfg = Debug|Any CPU
		{747FA267-6052-473D-B174-CA1454BB2CAE}.Debug|Any CPU.Build.0 = Debug|Any CPU
		{747FA267-6052-473D-B174-CA1454BB2CAE}.Release|Any CPU.ActiveCfg = Release|Any CPU
		{747FA267-6052-473D-B174-CA1454BB2CAE}.Release|Any CPU.Build.0 = Release|Any CPU
		{53785309-3314-49B6-9243-D47997643C00}.Debug|Any CPU.ActiveCfg = Debug|Any CPU
		{53785309-3314-49B6-9243-D47997643C00}.Debug|Any CPU.Build.0 = Debug|Any CPU
		{53785309-3314-49B6-9243-D47997643C00}.Release|Any CPU.ActiveCfg = Release|Any CPU
		{53785309-3314-49B6-9243-D47997643C00}.Release|Any CPU.Build.0 = Release|Any CPU
		{57707CDC-52F4-4E8A-856A-E585038F872E}.Debug|Any CPU.ActiveCfg = Debug|Any CPU
		{57707CDC-52F4-4E8A-856A-E585038F872E}.Debug|Any CPU.Build.0 = Debug|Any CPU
		{57707CDC-52F4-4E8A-856A-E585038F872E}.Release|Any CPU.ActiveCfg = Release|Any CPU
		{57707CDC-52F4-4E8A-856A-E585038F872E}.Release|Any CPU.Build.0 = Release|Any CPU
		{3263890F-EE2A-4C8D-8F9D-ACE3B3CBF7CF}.Debug|Any CPU.ActiveCfg = Debug|Any CPU
		{3263890F-EE2A-4C8D-8F9D-ACE3B3CBF7CF}.Debug|Any CPU.Build.0 = Debug|Any CPU
		{3263890F-EE2A-4C8D-8F9D-ACE3B3CBF7CF}.Release|Any CPU.ActiveCfg = Release|Any CPU
		{3263890F-EE2A-4C8D-8F9D-ACE3B3CBF7CF}.Release|Any CPU.Build.0 = Release|Any CPU
		{0ED76823-7C10-46DF-9C91-396D9FAF5018}.Debug|Any CPU.ActiveCfg = Debug|Any CPU
		{0ED76823-7C10-46DF-9C91-396D9FAF5018}.Debug|Any CPU.Build.0 = Debug|Any CPU
		{0ED76823-7C10-46DF-9C91-396D9FAF5018}.Release|Any CPU.ActiveCfg = Release|Any CPU
		{0ED76823-7C10-46DF-9C91-396D9FAF5018}.Release|Any CPU.Build.0 = Release|Any CPU
		{A43852D7-A23F-4212-864F-9C54ABC9B490}.Debug|Any CPU.ActiveCfg = Debug|Any CPU
		{A43852D7-A23F-4212-864F-9C54ABC9B490}.Debug|Any CPU.Build.0 = Debug|Any CPU
		{A43852D7-A23F-4212-864F-9C54ABC9B490}.Release|Any CPU.ActiveCfg = Release|Any CPU
		{A43852D7-A23F-4212-864F-9C54ABC9B490}.Release|Any CPU.Build.0 = Release|Any CPU
		{0DCA2818-AE24-429F-AAD2-6351237C699B}.Debug|Any CPU.ActiveCfg = Debug|Any CPU
		{0DCA2818-AE24-429F-AAD2-6351237C699B}.Debug|Any CPU.Build.0 = Debug|Any CPU
		{0DCA2818-AE24-429F-AAD2-6351237C699B}.Release|Any CPU.ActiveCfg = Release|Any CPU
		{0DCA2818-AE24-429F-AAD2-6351237C699B}.Release|Any CPU.Build.0 = Release|Any CPU
		{A07E6436-7105-42E0-93E0-60A740BDABAB}.Debug|Any CPU.ActiveCfg = Debug|Any CPU
		{A07E6436-7105-42E0-93E0-60A740BDABAB}.Debug|Any CPU.Build.0 = Debug|Any CPU
		{A07E6436-7105-42E0-93E0-60A740BDABAB}.Release|Any CPU.ActiveCfg = Release|Any CPU
		{A07E6436-7105-42E0-93E0-60A740BDABAB}.Release|Any CPU.Build.0 = Release|Any CPU
		{B1303C40-7B29-4CEB-B756-ACD993A7E796}.Debug|Any CPU.ActiveCfg = Debug|Any CPU
		{B1303C40-7B29-4CEB-B756-ACD993A7E796}.Debug|Any CPU.Build.0 = Debug|Any CPU
		{B1303C40-7B29-4CEB-B756-ACD993A7E796}.Release|Any CPU.ActiveCfg = Release|Any CPU
		{B1303C40-7B29-4CEB-B756-ACD993A7E796}.Release|Any CPU.Build.0 = Release|Any CPU
		{583CB39F-A8AE-40C1-B30D-9F50956904C6}.Debug|Any CPU.ActiveCfg = Debug|Any CPU
		{583CB39F-A8AE-40C1-B30D-9F50956904C6}.Debug|Any CPU.Build.0 = Debug|Any CPU
		{583CB39F-A8AE-40C1-B30D-9F50956904C6}.Release|Any CPU.ActiveCfg = Release|Any CPU
		{583CB39F-A8AE-40C1-B30D-9F50956904C6}.Release|Any CPU.Build.0 = Release|Any CPU
		{CB77BE80-BCC5-448C-AC17-8E0DC25F84D0}.Debug|Any CPU.ActiveCfg = Debug|Any CPU
		{CB77BE80-BCC5-448C-AC17-8E0DC25F84D0}.Debug|Any CPU.Build.0 = Debug|Any CPU
		{CB77BE80-BCC5-448C-AC17-8E0DC25F84D0}.Release|Any CPU.ActiveCfg = Release|Any CPU
		{CB77BE80-BCC5-448C-AC17-8E0DC25F84D0}.Release|Any CPU.Build.0 = Release|Any CPU
		{F7BDB625-6186-4CA4-94B7-666ECA5B8428}.Debug|Any CPU.ActiveCfg = Debug|Any CPU
		{F7BDB625-6186-4CA4-94B7-666ECA5B8428}.Debug|Any CPU.Build.0 = Debug|Any CPU
		{F7BDB625-6186-4CA4-94B7-666ECA5B8428}.Release|Any CPU.ActiveCfg = Release|Any CPU
		{F7BDB625-6186-4CA4-94B7-666ECA5B8428}.Release|Any CPU.Build.0 = Release|Any CPU
		{630D1E22-8E92-4A9F-B9D8-AFA4CE40BCE2}.Debug|Any CPU.ActiveCfg = Debug|Any CPU
		{630D1E22-8E92-4A9F-B9D8-AFA4CE40BCE2}.Debug|Any CPU.Build.0 = Debug|Any CPU
		{630D1E22-8E92-4A9F-B9D8-AFA4CE40BCE2}.Release|Any CPU.ActiveCfg = Release|Any CPU
		{630D1E22-8E92-4A9F-B9D8-AFA4CE40BCE2}.Release|Any CPU.Build.0 = Release|Any CPU
	EndGlobalSection
	GlobalSection(SolutionProperties) = preSolution
		HideSolutionNode = FALSE
	EndGlobalSection
	GlobalSection(NestedProjects) = preSolution
		{59F30B51-F5BE-4FC2-B1EC-8F038184E121} = {E0AF3E73-7C60-477D-984F-917E78CC7460}
		{4071566C-BC9F-4CD8-A720-84E46945B590} = {E0AF3E73-7C60-477D-984F-917E78CC7460}
		{2205E4F4-A75A-4E1C-96ED-A680D77898EB} = {4071566C-BC9F-4CD8-A720-84E46945B590}
		{A1FF4D5D-344E-4B25-B64A-347B07BDFAAC} = {4071566C-BC9F-4CD8-A720-84E46945B590}
		{FB2D2BF3-DAFC-4CCE-88AB-2D65447E81EE} = {4071566C-BC9F-4CD8-A720-84E46945B590}
		{36328E5B-7BB9-4E9B-A516-CEBF6C9D68B0} = {E0AF3E73-7C60-477D-984F-917E78CC7460}
		{F54704F3-78C9-4DC3-B40C-D8C7F289D5EE} = {2205E4F4-A75A-4E1C-96ED-A680D77898EB}
		{02743196-D017-434C-8476-85B7B47C5CD8} = {0834E252-BEBD-4A99-8480-48614C356BD2}
		{E0AF3E73-7C60-477D-984F-917E78CC7460} = {B1F8EE48-CEAF-4BC5-AF16-F99291E9C066}
		{747FA267-6052-473D-B174-CA1454BB2CAE} = {59F30B51-F5BE-4FC2-B1EC-8F038184E121}
		{25BC6C03-B132-420E-B339-4FCA39C43ADD} = {02743196-D017-434C-8476-85B7B47C5CD8}
		{CF24CDDE-4D0B-435F-B92F-774B09B00944} = {02743196-D017-434C-8476-85B7B47C5CD8}
		{5588FCD7-E5D5-4FD5-957F-07CB09C9FA48} = {02743196-D017-434C-8476-85B7B47C5CD8}
		{53785309-3314-49B6-9243-D47997643C00} = {A1FF4D5D-344E-4B25-B64A-347B07BDFAAC}
		{57707CDC-52F4-4E8A-856A-E585038F872E} = {A1FF4D5D-344E-4B25-B64A-347B07BDFAAC}
		{3263890F-EE2A-4C8D-8F9D-ACE3B3CBF7CF} = {FB2D2BF3-DAFC-4CCE-88AB-2D65447E81EE}
		{BF8E60DD-F817-492E-BC1F-6EA4396DED7D} = {25BC6C03-B132-420E-B339-4FCA39C43ADD}
		{0ED76823-7C10-46DF-9C91-396D9FAF5018} = {BF8E60DD-F817-492E-BC1F-6EA4396DED7D}
		{3C64938F-49D5-4A16-A18E-C98C7B5FA803} = {25BC6C03-B132-420E-B339-4FCA39C43ADD}
		{97AD42CB-62F5-4101-BC33-B3D31783BD42} = {25BC6C03-B132-420E-B339-4FCA39C43ADD}
		{A43852D7-A23F-4212-864F-9C54ABC9B490} = {3C64938F-49D5-4A16-A18E-C98C7B5FA803}
		{0DCA2818-AE24-429F-AAD2-6351237C699B} = {97AD42CB-62F5-4101-BC33-B3D31783BD42}
		{A07E6436-7105-42E0-93E0-60A740BDABAB} = {CF24CDDE-4D0B-435F-B92F-774B09B00944}
		{3B0FB682-C591-422C-89C4-4A14084B4D84} = {2C0F97FA-51AA-41DD-8967-9594BADDD822}
		{B1303C40-7B29-4CEB-B756-ACD993A7E796} = {3B0FB682-C591-422C-89C4-4A14084B4D84}
		{644D710E-9D3B-42CC-A7B1-193216602CF6} = {4071566C-BC9F-4CD8-A720-84E46945B590}
		{583CB39F-A8AE-40C1-B30D-9F50956904C6} = {644D710E-9D3B-42CC-A7B1-193216602CF6}
		{CB77BE80-BCC5-448C-AC17-8E0DC25F84D0} = {2205E4F4-A75A-4E1C-96ED-A680D77898EB}
		{F7BDB625-6186-4CA4-94B7-666ECA5B8428} = {BF8E60DD-F817-492E-BC1F-6EA4396DED7D}
		{630D1E22-8E92-4A9F-B9D8-AFA4CE40BCE2} = {36328E5B-7BB9-4E9B-A516-CEBF6C9D68B0}
	EndGlobalSection
	GlobalSection(ExtensibilityGlobals) = postSolution
		SolutionGuid = {72A23BAD-1349-4F94-9AF1-DC42442D1000}
	EndGlobalSection
EndGlobal
